// !$*UTF8*$!
{
	archiveVersion = 1;
	classes = {
	};
	objectVersion = 48;
	objects = {

/* Begin PBXBuildFile section */
		E2BE7CD22035EF4200119A9C /* TVServices.framework in Frameworks */ = {isa = PBXBuildFile; fileRef = E2BE7CD12035EF4100119A9C /* TVServices.framework */; };
		E2BE7CD52035EF4200119A9C /* ServiceProvider.swift in Sources */ = {isa = PBXBuildFile; fileRef = E2BE7CD42035EF4200119A9C /* ServiceProvider.swift */; };
		E2BE7CD92035EF4200119A9C /* TopShelf.appex in Embed App Extensions */ = {isa = PBXBuildFile; fileRef = E2BE7CCF2035EF4100119A9C /* TopShelf.appex */; settings = {ATTRIBUTES = (RemoveHeadersOnCopy, ); }; };
		E2BE7CE72035F8EC00119A9C /* 6.png in Resources */ = {isa = PBXBuildFile; fileRef = E2BE7CE52035F8EC00119A9C /* 6.png */; };
		E2BE7CE82035F8EC00119A9C /* 6@2x.png in Resources */ = {isa = PBXBuildFile; fileRef = E2BE7CE62035F8EC00119A9C /* 6@2x.png */; };
		E2BE7CF02035FC6500119A9C /* 3@2x.png in Resources */ = {isa = PBXBuildFile; fileRef = E2BE7CEA2035FC6300119A9C /* 3@2x.png */; };
		E2BE7CF12035FC6500119A9C /* 2.png in Resources */ = {isa = PBXBuildFile; fileRef = E2BE7CEB2035FC6400119A9C /* 2.png */; };
		E2BE7CF22035FC6500119A9C /* 1@2x.png in Resources */ = {isa = PBXBuildFile; fileRef = E2BE7CEC2035FC6400119A9C /* 1@2x.png */; };
		E2BE7CF32035FC6500119A9C /* 1.png in Resources */ = {isa = PBXBuildFile; fileRef = E2BE7CED2035FC6400119A9C /* 1.png */; };
		E2BE7CF42035FC6500119A9C /* 3.png in Resources */ = {isa = PBXBuildFile; fileRef = E2BE7CEE2035FC6400119A9C /* 3.png */; };
		E2BE7CF52035FC6500119A9C /* 2@2x.png in Resources */ = {isa = PBXBuildFile; fileRef = E2BE7CEF2035FC6500119A9C /* 2@2x.png */; };
		E2BE7CF92035FC7B00119A9C /* 4.png in Resources */ = {isa = PBXBuildFile; fileRef = E2BE7CF72035FC7B00119A9C /* 4.png */; };
		E2BE7CFA2035FC7B00119A9C /* 4@2x.png in Resources */ = {isa = PBXBuildFile; fileRef = E2BE7CF82035FC7B00119A9C /* 4@2x.png */; };
		E2BE7CFE2035FCAA00119A9C /* 5@2x.png in Resources */ = {isa = PBXBuildFile; fileRef = E2BE7CFC2035FCA900119A9C /* 5@2x.png */; };
		E2BE7CFF2035FCAA00119A9C /* 5.png in Resources */ = {isa = PBXBuildFile; fileRef = E2BE7CFD2035FCAA00119A9C /* 5.png */; };
		EB8964E3202E22D4003595C0 /* AppDelegate.swift in Sources */ = {isa = PBXBuildFile; fileRef = EB8964E2202E22D4003595C0 /* AppDelegate.swift */; };
		EB8964E5202E22D4003595C0 /* ViewController.swift in Sources */ = {isa = PBXBuildFile; fileRef = EB8964E4202E22D4003595C0 /* ViewController.swift */; };
		EB8964E8202E22D4003595C0 /* Main.storyboard in Resources */ = {isa = PBXBuildFile; fileRef = EB8964E6202E22D4003595C0 /* Main.storyboard */; };
		EB8964EA202E22D4003595C0 /* Assets.xcassets in Resources */ = {isa = PBXBuildFile; fileRef = EB8964E9202E22D4003595C0 /* Assets.xcassets */; };
/* End PBXBuildFile section */

/* Begin PBXContainerItemProxy section */
		E2BE7CD72035EF4200119A9C /* PBXContainerItemProxy */ = {
			isa = PBXContainerItemProxy;
			containerPortal = EB8964D7202E22D4003595C0 /* Project object */;
			proxyType = 1;
			remoteGlobalIDString = E2BE7CCE2035EF4100119A9C;
			remoteInfo = TopShelf;
		};
/* End PBXContainerItemProxy section */

/* Begin PBXCopyFilesBuildPhase section */
		E2BE7CDD2035EF4200119A9C /* Embed App Extensions */ = {
			isa = PBXCopyFilesBuildPhase;
			buildActionMask = 2147483647;
			dstPath = "";
			dstSubfolderSpec = 13;
			files = (
				E2BE7CD92035EF4200119A9C /* TopShelf.appex in Embed App Extensions */,
			);
			name = "Embed App Extensions";
			runOnlyForDeploymentPostprocessing = 0;
		};
/* End PBXCopyFilesBuildPhase section */

/* Begin PBXFileReference section */
		E2BE7CCF2035EF4100119A9C /* TopShelf.appex */ = {isa = PBXFileReference; explicitFileType = "wrapper.app-extension"; includeInIndex = 0; path = TopShelf.appex; sourceTree = BUILT_PRODUCTS_DIR; };
		E2BE7CD12035EF4100119A9C /* TVServices.framework */ = {isa = PBXFileReference; lastKnownFileType = wrapper.framework; name = TVServices.framework; path = System/Library/Frameworks/TVServices.framework; sourceTree = SDKROOT; };
		E2BE7CD42035EF4200119A9C /* ServiceProvider.swift */ = {isa = PBXFileReference; lastKnownFileType = sourcecode.swift; path = ServiceProvider.swift; sourceTree = "<group>"; };
		E2BE7CD62035EF4200119A9C /* Info.plist */ = {isa = PBXFileReference; lastKnownFileType = text.plist.xml; path = Info.plist; sourceTree = "<group>"; };
		E2BE7CE52035F8EC00119A9C /* 6.png */ = {isa = PBXFileReference; lastKnownFileType = image.png; path = 6.png; sourceTree = "<group>"; };
		E2BE7CE62035F8EC00119A9C /* 6@2x.png */ = {isa = PBXFileReference; lastKnownFileType = image.png; path = "6@2x.png"; sourceTree = "<group>"; };
		E2BE7CEA2035FC6300119A9C /* 3@2x.png */ = {isa = PBXFileReference; lastKnownFileType = image.png; path = "3@2x.png"; sourceTree = "<group>"; };
		E2BE7CEB2035FC6400119A9C /* 2.png */ = {isa = PBXFileReference; lastKnownFileType = image.png; path = 2.png; sourceTree = "<group>"; };
		E2BE7CEC2035FC6400119A9C /* 1@2x.png */ = {isa = PBXFileReference; lastKnownFileType = image.png; path = "1@2x.png"; sourceTree = "<group>"; };
		E2BE7CED2035FC6400119A9C /* 1.png */ = {isa = PBXFileReference; lastKnownFileType = image.png; path = 1.png; sourceTree = "<group>"; };
		E2BE7CEE2035FC6400119A9C /* 3.png */ = {isa = PBXFileReference; lastKnownFileType = image.png; path = 3.png; sourceTree = "<group>"; };
		E2BE7CEF2035FC6500119A9C /* 2@2x.png */ = {isa = PBXFileReference; lastKnownFileType = image.png; path = "2@2x.png"; sourceTree = "<group>"; };
		E2BE7CF72035FC7B00119A9C /* 4.png */ = {isa = PBXFileReference; lastKnownFileType = image.png; path = 4.png; sourceTree = "<group>"; };
		E2BE7CF82035FC7B00119A9C /* 4@2x.png */ = {isa = PBXFileReference; lastKnownFileType = image.png; path = "4@2x.png"; sourceTree = "<group>"; };
		E2BE7CFC2035FCA900119A9C /* 5@2x.png */ = {isa = PBXFileReference; lastKnownFileType = image.png; path = "5@2x.png"; sourceTree = "<group>"; };
		E2BE7CFD2035FCAA00119A9C /* 5.png */ = {isa = PBXFileReference; lastKnownFileType = image.png; path = 5.png; sourceTree = "<group>"; };
		EB8964DF202E22D4003595C0 /* Dynamic Top Shelf.app */ = {isa = PBXFileReference; explicitFileType = wrapper.application; includeInIndex = 0; path = "Dynamic Top Shelf.app"; sourceTree = BUILT_PRODUCTS_DIR; };
		EB8964E2202E22D4003595C0 /* AppDelegate.swift */ = {isa = PBXFileReference; lastKnownFileType = sourcecode.swift; path = AppDelegate.swift; sourceTree = "<group>"; };
		EB8964E4202E22D4003595C0 /* ViewController.swift */ = {isa = PBXFileReference; lastKnownFileType = sourcecode.swift; path = ViewController.swift; sourceTree = "<group>"; };
		EB8964E7202E22D4003595C0 /* Base */ = {isa = PBXFileReference; lastKnownFileType = file.storyboard; name = Base; path = Base.lproj/Main.storyboard; sourceTree = "<group>"; };
		EB8964E9202E22D4003595C0 /* Assets.xcassets */ = {isa = PBXFileReference; lastKnownFileType = folder.assetcatalog; path = Assets.xcassets; sourceTree = "<group>"; };
		EB8964EB202E22D4003595C0 /* Info.plist */ = {isa = PBXFileReference; lastKnownFileType = text.plist.xml; path = Info.plist; sourceTree = "<group>"; };
/* End PBXFileReference section */

/* Begin PBXFrameworksBuildPhase section */
		E2BE7CCC2035EF4100119A9C /* Frameworks */ = {
			isa = PBXFrameworksBuildPhase;
			buildActionMask = 2147483647;
			files = (
				E2BE7CD22035EF4200119A9C /* TVServices.framework in Frameworks */,
			);
			runOnlyForDeploymentPostprocessing = 0;
		};
		EB8964DC202E22D4003595C0 /* Frameworks */ = {
			isa = PBXFrameworksBuildPhase;
			buildActionMask = 2147483647;
			files = (
			);
			runOnlyForDeploymentPostprocessing = 0;
		};
/* End PBXFrameworksBuildPhase section */

/* Begin PBXGroup section */
		E2BE7CD02035EF4100119A9C /* Frameworks */ = {
			isa = PBXGroup;
			children = (
				E2BE7CD12035EF4100119A9C /* TVServices.framework */,
			);
			name = Frameworks;
			sourceTree = "<group>";
		};
		E2BE7CD32035EF4200119A9C /* TopShelf */ = {
			isa = PBXGroup;
			children = (
				E2BE7CE42035F8B200119A9C /* Items */,
				E2BE7CD42035EF4200119A9C /* ServiceProvider.swift */,
				E2BE7CD62035EF4200119A9C /* Info.plist */,
			);
			path = TopShelf;
			sourceTree = "<group>";
		};
		E2BE7CE42035F8B200119A9C /* Items */ = {
			isa = PBXGroup;
			children = (
				E2BE7CFB2035FC9B00119A9C /* HDTV */,
				E2BE7CF62035FC6E00119A9C /* Square */,
				E2BE7CE92035F8F300119A9C /* Poster */,
			);
			path = Items;
			sourceTree = "<group>";
		};
		E2BE7CE92035F8F300119A9C /* Poster */ = {
			isa = PBXGroup;
			children = (
				E2BE7CED2035FC6400119A9C /* 1.png */,
				E2BE7CEC2035FC6400119A9C /* 1@2x.png */,
				E2BE7CEB2035FC6400119A9C /* 2.png */,
				E2BE7CEF2035FC6500119A9C /* 2@2x.png */,
				E2BE7CEE2035FC6400119A9C /* 3.png */,
				E2BE7CEA2035FC6300119A9C /* 3@2x.png */,
				E2BE7CE62035F8EC00119A9C /* 6@2x.png */,
				E2BE7CE52035F8EC00119A9C /* 6.png */,
			);
			path = Poster;
			sourceTree = "<group>";
		};
		E2BE7CF62035FC6E00119A9C /* Square */ = {
			isa = PBXGroup;
			children = (
				E2BE7CF72035FC7B00119A9C /* 4.png */,
				E2BE7CF82035FC7B00119A9C /* 4@2x.png */,
			);
			path = Square;
			sourceTree = "<group>";
		};
		E2BE7CFB2035FC9B00119A9C /* HDTV */ = {
			isa = PBXGroup;
			children = (
				E2BE7CFD2035FCAA00119A9C /* 5.png */,
				E2BE7CFC2035FCA900119A9C /* 5@2x.png */,
			);
			path = HDTV;
			sourceTree = "<group>";
		};
		EB8964D6202E22D4003595C0 = {
			isa = PBXGroup;
			children = (
				EB8964E1202E22D4003595C0 /* Dynamic Top Shelf */,
				E2BE7CD32035EF4200119A9C /* TopShelf */,
				E2BE7CD02035EF4100119A9C /* Frameworks */,
				EB8964E0202E22D4003595C0 /* Products */,
			);
			sourceTree = "<group>";
		};
		EB8964E0202E22D4003595C0 /* Products */ = {
			isa = PBXGroup;
			children = (
				EB8964DF202E22D4003595C0 /* Dynamic Top Shelf.app */,
				E2BE7CCF2035EF4100119A9C /* TopShelf.appex */,
			);
			name = Products;
			sourceTree = "<group>";
		};
		EB8964E1202E22D4003595C0 /* Dynamic Top Shelf */ = {
			isa = PBXGroup;
			children = (
				EB8964E2202E22D4003595C0 /* AppDelegate.swift */,
				EB8964E4202E22D4003595C0 /* ViewController.swift */,
				EB8964E6202E22D4003595C0 /* Main.storyboard */,
				EB8964E9202E22D4003595C0 /* Assets.xcassets */,
				EB8964EB202E22D4003595C0 /* Info.plist */,
			);
			path = "Dynamic Top Shelf";
			sourceTree = "<group>";
		};
/* End PBXGroup section */

/* Begin PBXNativeTarget section */
		E2BE7CCE2035EF4100119A9C /* TopShelf */ = {
			isa = PBXNativeTarget;
			buildConfigurationList = E2BE7CDC2035EF4200119A9C /* Build configuration list for PBXNativeTarget "TopShelf" */;
			buildPhases = (
				E2BE7CCB2035EF4100119A9C /* Sources */,
				E2BE7CCC2035EF4100119A9C /* Frameworks */,
				E2BE7CCD2035EF4100119A9C /* Resources */,
			);
			buildRules = (
			);
			dependencies = (
			);
			name = TopShelf;
			productName = TopShelf;
			productReference = E2BE7CCF2035EF4100119A9C /* TopShelf.appex */;
			productType = "com.apple.product-type.tv-app-extension";
		};
		EB8964DE202E22D4003595C0 /* Dynamic Top Shelf */ = {
			isa = PBXNativeTarget;
			buildConfigurationList = EB8964EE202E22D4003595C0 /* Build configuration list for PBXNativeTarget "Dynamic Top Shelf" */;
			buildPhases = (
				EB8964DB202E22D4003595C0 /* Sources */,
				EB8964DC202E22D4003595C0 /* Frameworks */,
				EB8964DD202E22D4003595C0 /* Resources */,
				E2BE7CDD2035EF4200119A9C /* Embed App Extensions */,
			);
			buildRules = (
			);
			dependencies = (
				E2BE7CD82035EF4200119A9C /* PBXTargetDependency */,
			);
			name = "Dynamic Top Shelf";
			productName = "Dynamic Top Shelf";
			productReference = EB8964DF202E22D4003595C0 /* Dynamic Top Shelf.app */;
			productType = "com.apple.product-type.application";
		};
/* End PBXNativeTarget section */

/* Begin PBXProject section */
		EB8964D7202E22D4003595C0 /* Project object */ = {
			isa = PBXProject;
			attributes = {
				LastSwiftUpdateCheck = 0920;
				LastUpgradeCheck = 0920;
				ORGANIZATIONNAME = "Daniel Lima";
				TargetAttributes = {
					E2BE7CCE2035EF4100119A9C = {
						CreatedOnToolsVersion = 9.2;
						ProvisioningStyle = Automatic;
					};
					EB8964DE202E22D4003595C0 = {
						CreatedOnToolsVersion = 9.2;
						ProvisioningStyle = Automatic;
					};
				};
			};
			buildConfigurationList = EB8964DA202E22D4003595C0 /* Build configuration list for PBXProject "Dynamic Top Shelf" */;
			compatibilityVersion = "Xcode 8.0";
			developmentRegion = en;
			hasScannedForEncodings = 0;
			knownRegions = (
				en,
				Base,
			);
			mainGroup = EB8964D6202E22D4003595C0;
			productRefGroup = EB8964E0202E22D4003595C0 /* Products */;
			projectDirPath = "";
			projectRoot = "";
			targets = (
				EB8964DE202E22D4003595C0 /* Dynamic Top Shelf */,
				E2BE7CCE2035EF4100119A9C /* TopShelf */,
			);
		};
/* End PBXProject section */

/* Begin PBXResourcesBuildPhase section */
		E2BE7CCD2035EF4100119A9C /* Resources */ = {
			isa = PBXResourcesBuildPhase;
			buildActionMask = 2147483647;
			files = (
				E2BE7CF92035FC7B00119A9C /* 4.png in Resources */,
				E2BE7CF02035FC6500119A9C /* 3@2x.png in Resources */,
				E2BE7CE82035F8EC00119A9C /* 6@2x.png in Resources */,
				E2BE7CF22035FC6500119A9C /* 1@2x.png in Resources */,
				E2BE7CF32035FC6500119A9C /* 1.png in Resources */,
				E2BE7CF12035FC6500119A9C /* 2.png in Resources */,
				E2BE7CF42035FC6500119A9C /* 3.png in Resources */,
				E2BE7CFA2035FC7B00119A9C /* 4@2x.png in Resources */,
				E2BE7CE72035F8EC00119A9C /* 6.png in Resources */,
				E2BE7CFF2035FCAA00119A9C /* 5.png in Resources */,
				E2BE7CF52035FC6500119A9C /* 2@2x.png in Resources */,
				E2BE7CFE2035FCAA00119A9C /* 5@2x.png in Resources */,
			);
			runOnlyForDeploymentPostprocessing = 0;
		};
		EB8964DD202E22D4003595C0 /* Resources */ = {
			isa = PBXResourcesBuildPhase;
			buildActionMask = 2147483647;
			files = (
				EB8964EA202E22D4003595C0 /* Assets.xcassets in Resources */,
				EB8964E8202E22D4003595C0 /* Main.storyboard in Resources */,
			);
			runOnlyForDeploymentPostprocessing = 0;
		};
/* End PBXResourcesBuildPhase section */

/* Begin PBXSourcesBuildPhase section */
		E2BE7CCB2035EF4100119A9C /* Sources */ = {
			isa = PBXSourcesBuildPhase;
			buildActionMask = 2147483647;
			files = (
				E2BE7CD52035EF4200119A9C /* ServiceProvider.swift in Sources */,
			);
			runOnlyForDeploymentPostprocessing = 0;
		};
		EB8964DB202E22D4003595C0 /* Sources */ = {
			isa = PBXSourcesBuildPhase;
			buildActionMask = 2147483647;
			files = (
				EB8964E5202E22D4003595C0 /* ViewController.swift in Sources */,
				EB8964E3202E22D4003595C0 /* AppDelegate.swift in Sources */,
			);
			runOnlyForDeploymentPostprocessing = 0;
		};
/* End PBXSourcesBuildPhase section */

/* Begin PBXTargetDependency section */
		E2BE7CD82035EF4200119A9C /* PBXTargetDependency */ = {
			isa = PBXTargetDependency;
			target = E2BE7CCE2035EF4100119A9C /* TopShelf */;
			targetProxy = E2BE7CD72035EF4200119A9C /* PBXContainerItemProxy */;
		};
/* End PBXTargetDependency section */

/* Begin PBXVariantGroup section */
		EB8964E6202E22D4003595C0 /* Main.storyboard */ = {
			isa = PBXVariantGroup;
			children = (
				EB8964E7202E22D4003595C0 /* Base */,
			);
			name = Main.storyboard;
			sourceTree = "<group>";
		};
/* End PBXVariantGroup section */

/* Begin XCBuildConfiguration section */
		E2BE7CDA2035EF4200119A9C /* Debug */ = {
			isa = XCBuildConfiguration;
			buildSettings = {
				CODE_SIGN_STYLE = Automatic;
				DEVELOPMENT_TEAM = VY9L7K3A35;
				INFOPLIST_FILE = TopShelf/Info.plist;
				LD_RUNPATH_SEARCH_PATHS = "$(inherited) @executable_path/Frameworks @executable_path/../../Frameworks";
				PRODUCT_BUNDLE_IDENTIFIER = "com.top.shelf.Dynamic-Top-Shelf.TopShelf";
				PRODUCT_NAME = "$(TARGET_NAME)";
				SKIP_INSTALL = YES;
				SWIFT_VERSION = 4.0;
				TARGETED_DEVICE_FAMILY = 3;
			};
			name = Debug;
		};
		E2BE7CDB2035EF4200119A9C /* Release */ = {
			isa = XCBuildConfiguration;
			buildSettings = {
				CODE_SIGN_STYLE = Automatic;
				DEVELOPMENT_TEAM = VY9L7K3A35;
				INFOPLIST_FILE = TopShelf/Info.plist;
				LD_RUNPATH_SEARCH_PATHS = "$(inherited) @executable_path/Frameworks @executable_path/../../Frameworks";
				PRODUCT_BUNDLE_IDENTIFIER = "com.top.shelf.Dynamic-Top-Shelf.TopShelf";
				PRODUCT_NAME = "$(TARGET_NAME)";
				SKIP_INSTALL = YES;
				SWIFT_VERSION = 4.0;
				TARGETED_DEVICE_FAMILY = 3;
			};
			name = Release;
		};
		EB8964EC202E22D4003595C0 /* Debug */ = {
			isa = XCBuildConfiguration;
			buildSettings = {
				ALWAYS_SEARCH_USER_PATHS = NO;
				CLANG_ANALYZER_NONNULL = YES;
				CLANG_ANALYZER_NUMBER_OBJECT_CONVERSION = YES_AGGRESSIVE;
				CLANG_CXX_LANGUAGE_STANDARD = "gnu++14";
				CLANG_CXX_LIBRARY = "libc++";
				CLANG_ENABLE_MODULES = YES;
				CLANG_ENABLE_OBJC_ARC = YES;
				CLANG_WARN_BLOCK_CAPTURE_AUTORELEASING = YES;
				CLANG_WARN_BOOL_CONVERSION = YES;
				CLANG_WARN_COMMA = YES;
				CLANG_WARN_CONSTANT_CONVERSION = YES;
				CLANG_WARN_DIRECT_OBJC_ISA_USAGE = YES_ERROR;
				CLANG_WARN_DOCUMENTATION_COMMENTS = YES;
				CLANG_WARN_EMPTY_BODY = YES;
				CLANG_WARN_ENUM_CONVERSION = YES;
				CLANG_WARN_INFINITE_RECURSION = YES;
				CLANG_WARN_INT_CONVERSION = YES;
				CLANG_WARN_NON_LITERAL_NULL_CONVERSION = YES;
				CLANG_WARN_OBJC_LITERAL_CONVERSION = YES;
				CLANG_WARN_OBJC_ROOT_CLASS = YES_ERROR;
				CLANG_WARN_RANGE_LOOP_ANALYSIS = YES;
				CLANG_WARN_STRICT_PROTOTYPES = YES;
				CLANG_WARN_SUSPICIOUS_MOVE = YES;
				CLANG_WARN_UNGUARDED_AVAILABILITY = YES_AGGRESSIVE;
				CLANG_WARN_UNREACHABLE_CODE = YES;
				CLANG_WARN__DUPLICATE_METHOD_MATCH = YES;
				COPY_PHASE_STRIP = NO;
				DEBUG_INFORMATION_FORMAT = dwarf;
				ENABLE_STRICT_OBJC_MSGSEND = YES;
				ENABLE_TESTABILITY = YES;
				GCC_C_LANGUAGE_STANDARD = gnu11;
				GCC_DYNAMIC_NO_PIC = NO;
				GCC_NO_COMMON_BLOCKS = YES;
				GCC_OPTIMIZATION_LEVEL = 0;
				GCC_PREPROCESSOR_DEFINITIONS = (
					"DEBUG=1",
					"$(inherited)",
				);
				GCC_WARN_64_TO_32_BIT_CONVERSION = YES;
				GCC_WARN_ABOUT_RETURN_TYPE = YES_ERROR;
				GCC_WARN_UNDECLARED_SELECTOR = YES;
				GCC_WARN_UNINITIALIZED_AUTOS = YES_AGGRESSIVE;
				GCC_WARN_UNUSED_FUNCTION = YES;
				GCC_WARN_UNUSED_VARIABLE = YES;
				MTL_ENABLE_DEBUG_INFO = YES;
				ONLY_ACTIVE_ARCH = YES;
				SDKROOT = appletvos;
				SWIFT_ACTIVE_COMPILATION_CONDITIONS = DEBUG;
				SWIFT_OPTIMIZATION_LEVEL = "-Onone";
				TVOS_DEPLOYMENT_TARGET = 11.2;
			};
			name = Debug;
		};
		EB8964ED202E22D4003595C0 /* Release */ = {
			isa = XCBuildConfiguration;
			buildSettings = {
				ALWAYS_SEARCH_USER_PATHS = NO;
				CLANG_ANALYZER_NONNULL = YES;
				CLANG_ANALYZER_NUMBER_OBJECT_CONVERSION = YES_AGGRESSIVE;
				CLANG_CXX_LANGUAGE_STANDARD = "gnu++14";
				CLANG_CXX_LIBRARY = "libc++";
				CLANG_ENABLE_MODULES = YES;
				CLANG_ENABLE_OBJC_ARC = YES;
				CLANG_WARN_BLOCK_CAPTURE_AUTORELEASING = YES;
				CLANG_WARN_BOOL_CONVERSION = YES;
				CLANG_WARN_COMMA = YES;
				CLANG_WARN_CONSTANT_CONVERSION = YES;
				CLANG_WARN_DIRECT_OBJC_ISA_USAGE = YES_ERROR;
				CLANG_WARN_DOCUMENTATION_COMMENTS = YES;
				CLANG_WARN_EMPTY_BODY = YES;
				CLANG_WARN_ENUM_CONVERSION = YES;
				CLANG_WARN_INFINITE_RECURSION = YES;
				CLANG_WARN_INT_CONVERSION = YES;
				CLANG_WARN_NON_LITERAL_NULL_CONVERSION = YES;
				CLANG_WARN_OBJC_LITERAL_CONVERSION = YES;
				CLANG_WARN_OBJC_ROOT_CLASS = YES_ERROR;
				CLANG_WARN_RANGE_LOOP_ANALYSIS = YES;
				CLANG_WARN_STRICT_PROTOTYPES = YES;
				CLANG_WARN_SUSPICIOUS_MOVE = YES;
				CLANG_WARN_UNGUARDED_AVAILABILITY = YES_AGGRESSIVE;
				CLANG_WARN_UNREACHABLE_CODE = YES;
				CLANG_WARN__DUPLICATE_METHOD_MATCH = YES;
				COPY_PHASE_STRIP = NO;
				DEBUG_INFORMATION_FORMAT = "dwarf-with-dsym";
				ENABLE_NS_ASSERTIONS = NO;
				ENABLE_STRICT_OBJC_MSGSEND = YES;
				GCC_C_LANGUAGE_STANDARD = gnu11;
				GCC_NO_COMMON_BLOCKS = YES;
				GCC_WARN_64_TO_32_BIT_CONVERSION = YES;
				GCC_WARN_ABOUT_RETURN_TYPE = YES_ERROR;
				GCC_WARN_UNDECLARED_SELECTOR = YES;
				GCC_WARN_UNINITIALIZED_AUTOS = YES_AGGRESSIVE;
				GCC_WARN_UNUSED_FUNCTION = YES;
				GCC_WARN_UNUSED_VARIABLE = YES;
				MTL_ENABLE_DEBUG_INFO = NO;
				SDKROOT = appletvos;
				SWIFT_OPTIMIZATION_LEVEL = "-Owholemodule";
				TVOS_DEPLOYMENT_TARGET = 11.2;
				VALIDATE_PRODUCT = YES;
			};
			name = Release;
		};
		EB8964EF202E22D4003595C0 /* Debug */ = {
			isa = XCBuildConfiguration;
			buildSettings = {
				ALWAYS_EMBED_SWIFT_STANDARD_LIBRARIES = YES;
				ASSETCATALOG_COMPILER_APPICON_NAME = "App Icon & Top Shelf Image";
				ASSETCATALOG_COMPILER_LAUNCHIMAGE_NAME = LaunchImage;
				CODE_SIGN_STYLE = Automatic;
				DEVELOPMENT_TEAM = VY9L7K3A35;
				INFOPLIST_FILE = "Dynamic Top Shelf/Info.plist";
				LD_RUNPATH_SEARCH_PATHS = "$(inherited) @executable_path/Frameworks";
				PRODUCT_BUNDLE_IDENTIFIER = "com.top.shelf.Dynamic-Top-Shelf";
				PRODUCT_NAME = "$(TARGET_NAME)";
				SWIFT_VERSION = 4.0;
				TARGETED_DEVICE_FAMILY = 3;
			};
			name = Debug;
		};
		EB8964F0202E22D4003595C0 /* Release */ = {
			isa = XCBuildConfiguration;
			buildSettings = {
				ALWAYS_EMBED_SWIFT_STANDARD_LIBRARIES = YES;
				ASSETCATALOG_COMPILER_APPICON_NAME = "App Icon & Top Shelf Image";
				ASSETCATALOG_COMPILER_LAUNCHIMAGE_NAME = LaunchImage;
				CODE_SIGN_STYLE = Automatic;
				DEVELOPMENT_TEAM = VY9L7K3A35;
				INFOPLIST_FILE = "Dynamic Top Shelf/Info.plist";
				LD_RUNPATH_SEARCH_PATHS = "$(inherited) @executable_path/Frameworks";
				PRODUCT_BUNDLE_IDENTIFIER = "com.top.shelf.Dynamic-Top-Shelf";
				PRODUCT_NAME = "$(TARGET_NAME)";
				SWIFT_VERSION = 4.0;
				TARGETED_DEVICE_FAMILY = 3;
			};
			name = Release;
		};
/* End XCBuildConfiguration section */

/* Begin XCConfigurationList section */
		E2BE7CDC2035EF4200119A9C /* Build configuration list for PBXNativeTarget "TopShelf" */ = {
			isa = XCConfigurationList;
			buildConfigurations = (
				E2BE7CDA2035EF4200119A9C /* Debug */,
				E2BE7CDB2035EF4200119A9C /* Release */,
			);
			defaultConfigurationIsVisible = 0;
			defaultConfigurationName = Release;
		};
		EB8964DA202E22D4003595C0 /* Build configuration list for PBXProject "Dynamic Top Shelf" */ = {
			isa = XCConfigurationList;
			buildConfigurations = (
				EB8964EC202E22D4003595C0 /* Debug */,
				EB8964ED202E22D4003595C0 /* Release */,
			);
			defaultConfigurationIsVisible = 0;
			defaultConfigurationName = Release;
		};
		EB8964EE202E22D4003595C0 /* Build configuration list for PBXNativeTarget "Dynamic Top Shelf" */ = {
			isa = XCConfigurationList;
			buildConfigurations = (
				EB8964EF202E22D4003595C0 /* Debug */,
				EB8964F0202E22D4003595C0 /* Release */,
			);
			defaultConfigurationIsVisible = 0;
			defaultConfigurationName = Release;
		};
/* End XCConfigurationList section */
	};
	rootObject = EB8964D7202E22D4003595C0 /* Project object */;
}
